// !$*UTF8*$!
{
	archiveVersion = 1;
	classes = {
	};
	objectVersion = 46;
	objects = {

/* Begin PBXBuildFile section */
		C318CC091A59BD4D00980976 /* AppDelegate.swift in Sources */ = {isa = PBXBuildFile; fileRef = C318CC081A59BD4D00980976 /* AppDelegate.swift */; };
		C318CC0B1A59BD4E00980976 /* ViewController.swift in Sources */ = {isa = PBXBuildFile; fileRef = C318CC0A1A59BD4E00980976 /* ViewController.swift */; };
		C318CC0E1A59BD4E00980976 /* Main.storyboard in Resources */ = {isa = PBXBuildFile; fileRef = C318CC0C1A59BD4E00980976 /* Main.storyboard */; };
		C318CC101A59BD4E00980976 /* Images.xcassets in Resources */ = {isa = PBXBuildFile; fileRef = C318CC0F1A59BD4E00980976 /* Images.xcassets */; };
		C318CC131A59BD4E00980976 /* LaunchScreen.xib in Resources */ = {isa = PBXBuildFile; fileRef = C318CC111A59BD4E00980976 /* LaunchScreen.xib */; };
		C318CC1F1A59BD4E00980976 /* StopwatchTests.swift in Sources */ = {isa = PBXBuildFile; fileRef = C318CC1E1A59BD4E00980976 /* StopwatchTests.swift */; };
		C3355CF31A6C31DF00940E85 /* Stopwatch in Resources */ = {isa = PBXBuildFile; fileRef = C3355CF21A6C31DF00940E85 /* Stopwatch */; };
/* End PBXBuildFile section */

/* Begin PBXContainerItemProxy section */
		C318CC191A59BD4E00980976 /* PBXContainerItemProxy */ = {
			isa = PBXContainerItemProxy;
			containerPortal = C318CBFB1A59BD4D00980976 /* Project object */;
			proxyType = 1;
			remoteGlobalIDString = C318CC021A59BD4D00980976;
			remoteInfo = Stopwatch;
		};
/* End PBXContainerItemProxy section */

/* Begin PBXFileReference section */
		C318CC031A59BD4D00980976 /* Stopwatch.app */ = {isa = PBXFileReference; explicitFileType = wrapper.application; includeInIndex = 0; path = Stopwatch.app; sourceTree = BUILT_PRODUCTS_DIR; };
		C318CC071A59BD4D00980976 /* Info.plist */ = {isa = PBXFileReference; lastKnownFileType = text.plist.xml; path = Info.plist; sourceTree = "<group>"; };
		C318CC081A59BD4D00980976 /* AppDelegate.swift */ = {isa = PBXFileReference; lastKnownFileType = sourcecode.swift; path = AppDelegate.swift; sourceTree = "<group>"; };
		C318CC0A1A59BD4E00980976 /* ViewController.swift */ = {isa = PBXFileReference; lastKnownFileType = sourcecode.swift; path = ViewController.swift; sourceTree = "<group>"; };
		C318CC0D1A59BD4E00980976 /* Base */ = {isa = PBXFileReference; lastKnownFileType = file.storyboard; name = Base; path = Base.lproj/Main.storyboard; sourceTree = "<group>"; };
		C318CC0F1A59BD4E00980976 /* Images.xcassets */ = {isa = PBXFileReference; lastKnownFileType = folder.assetcatalog; path = Images.xcassets; sourceTree = "<group>"; };
		C318CC121A59BD4E00980976 /* Base */ = {isa = PBXFileReference; lastKnownFileType = file.xib; name = Base; path = Base.lproj/LaunchScreen.xib; sourceTree = "<group>"; };
		C318CC181A59BD4E00980976 /* StopwatchTests.xctest */ = {isa = PBXFileReference; explicitFileType = wrapper.cfbundle; includeInIndex = 0; path = StopwatchTests.xctest; sourceTree = BUILT_PRODUCTS_DIR; };
		C318CC1D1A59BD4E00980976 /* Info.plist */ = {isa = PBXFileReference; lastKnownFileType = text.plist.xml; path = Info.plist; sourceTree = "<group>"; };
		C318CC1E1A59BD4E00980976 /* StopwatchTests.swift */ = {isa = PBXFileReference; lastKnownFileType = sourcecode.swift; path = StopwatchTests.swift; sourceTree = "<group>"; };
		C3355CF21A6C31DF00940E85 /* Stopwatch */ = {isa = PBXFileReference; fileEncoding = 4; lastKnownFileType = text; name = Stopwatch; path = "../iOS-Sample-Applications/Stopwatch"; sourceTree = "<group>"; };
/* End PBXFileReference section */

/* Begin PBXFrameworksBuildPhase section */
		C318CC001A59BD4D00980976 /* Frameworks */ = {
			isa = PBXFrameworksBuildPhase;
			buildActionMask = 2147483647;
			files = (
			);
			runOnlyForDeploymentPostprocessing = 0;
		};
		C318CC151A59BD4E00980976 /* Frameworks */ = {
			isa = PBXFrameworksBuildPhase;
			buildActionMask = 2147483647;
			files = (
			);
			runOnlyForDeploymentPostprocessing = 0;
		};
/* End PBXFrameworksBuildPhase section */

/* Begin PBXGroup section */
		C318CBFA1A59BD4D00980976 = {
			isa = PBXGroup;
			children = (
				C3355CF21A6C31DF00940E85 /* Stopwatch */,
				C318CC051A59BD4D00980976 /* Stopwatch */,
				C318CC1B1A59BD4E00980976 /* StopwatchTests */,
				C318CC041A59BD4D00980976 /* Products */,
			);
			sourceTree = "<group>";
		};
		C318CC041A59BD4D00980976 /* Products */ = {
			isa = PBXGroup;
			children = (
				C318CC031A59BD4D00980976 /* Stopwatch.app */,
				C318CC181A59BD4E00980976 /* StopwatchTests.xctest */,
			);
			name = Products;
			sourceTree = "<group>";
		};
		C318CC051A59BD4D00980976 /* Stopwatch */ = {
			isa = PBXGroup;
			children = (
				C318CC081A59BD4D00980976 /* AppDelegate.swift */,
				C318CC0A1A59BD4E00980976 /* ViewController.swift */,
				C318CC0C1A59BD4E00980976 /* Main.storyboard */,
				C318CC0F1A59BD4E00980976 /* Images.xcassets */,
				C318CC111A59BD4E00980976 /* LaunchScreen.xib */,
				C318CC061A59BD4D00980976 /* Supporting Files */,
			);
			path = Stopwatch;
			sourceTree = "<group>";
		};
		C318CC061A59BD4D00980976 /* Supporting Files */ = {
			isa = PBXGroup;
			children = (
				C318CC071A59BD4D00980976 /* Info.plist */,
			);
			name = "Supporting Files";
			sourceTree = "<group>";
		};
		C318CC1B1A59BD4E00980976 /* StopwatchTests */ = {
			isa = PBXGroup;
			children = (
				C318CC1E1A59BD4E00980976 /* StopwatchTests.swift */,
				C318CC1C1A59BD4E00980976 /* Supporting Files */,
			);
			path = StopwatchTests;
			sourceTree = "<group>";
		};
		C318CC1C1A59BD4E00980976 /* Supporting Files */ = {
			isa = PBXGroup;
			children = (
				C318CC1D1A59BD4E00980976 /* Info.plist */,
			);
			name = "Supporting Files";
			sourceTree = "<group>";
		};
/* End PBXGroup section */

/* Begin PBXNativeTarget section */
		C318CC021A59BD4D00980976 /* Stopwatch */ = {
			isa = PBXNativeTarget;
			buildConfigurationList = C318CC221A59BD4E00980976 /* Build configuration list for PBXNativeTarget "Stopwatch" */;
			buildPhases = (
				C318CBFF1A59BD4D00980976 /* Sources */,
				C318CC001A59BD4D00980976 /* Frameworks */,
				C318CC011A59BD4D00980976 /* Resources */,
			);
			buildRules = (
			);
			dependencies = (
			);
			name = Stopwatch;
			productName = Stopwatch;
			productReference = C318CC031A59BD4D00980976 /* Stopwatch.app */;
			productType = "com.apple.product-type.application";
		};
		C318CC171A59BD4E00980976 /* StopwatchTests */ = {
			isa = PBXNativeTarget;
			buildConfigurationList = C318CC251A59BD4E00980976 /* Build configuration list for PBXNativeTarget "StopwatchTests" */;
			buildPhases = (
				C318CC141A59BD4E00980976 /* Sources */,
				C318CC151A59BD4E00980976 /* Frameworks */,
				C318CC161A59BD4E00980976 /* Resources */,
			);
			buildRules = (
			);
			dependencies = (
				C318CC1A1A59BD4E00980976 /* PBXTargetDependency */,
			);
			name = StopwatchTests;
			productName = StopwatchTests;
			productReference = C318CC181A59BD4E00980976 /* StopwatchTests.xctest */;
			productType = "com.apple.product-type.bundle.unit-test";
		};
/* End PBXNativeTarget section */

/* Begin PBXProject section */
		C318CBFB1A59BD4D00980976 /* Project object */ = {
			isa = PBXProject;
			attributes = {
				LastUpgradeCheck = 0610;
				ORGANIZATIONNAME = emp;
				TargetAttributes = {
					C318CC021A59BD4D00980976 = {
						CreatedOnToolsVersion = 6.1.1;
					};
					C318CC171A59BD4E00980976 = {
						CreatedOnToolsVersion = 6.1.1;
						TestTargetID = C318CC021A59BD4D00980976;
					};
				};
			};
			buildConfigurationList = C318CBFE1A59BD4D00980976 /* Build configuration list for PBXProject "Stopwatch" */;
			compatibilityVersion = "Xcode 3.2";
			developmentRegion = English;
			hasScannedForEncodings = 0;
			knownRegions = (
				en,
				Base,
			);
			mainGroup = C318CBFA1A59BD4D00980976;
			productRefGroup = C318CC041A59BD4D00980976 /* Products */;
			projectDirPath = "";
			projectRoot = "";
			targets = (
				C318CC021A59BD4D00980976 /* Stopwatch */,
				C318CC171A59BD4E00980976 /* StopwatchTests */,
			);
		};
/* End PBXProject section */

/* Begin PBXResourcesBuildPhase section */
		C318CC011A59BD4D00980976 /* Resources */ = {
			isa = PBXResourcesBuildPhase;
			buildActionMask = 2147483647;
			files = (
				C318CC0E1A59BD4E00980976 /* Main.storyboard in Resources */,
				C318CC131A59BD4E00980976 /* LaunchScreen.xib in Resources */,
				C3355CF31A6C31DF00940E85 /* Stopwatch in Resources */,
				C318CC101A59BD4E00980976 /* Images.xcassets in Resources */,
			);
			runOnlyForDeploymentPostprocessing = 0;
		};
		C318CC161A59BD4E00980976 /* Resources */ = {
			isa = PBXResourcesBuildPhase;
			buildActionMask = 2147483647;
			files = (
			);
			runOnlyForDeploymentPostprocessing = 0;
		};
/* End PBXResourcesBuildPhase section */

/* Begin PBXSourcesBuildPhase section */
		C318CBFF1A59BD4D00980976 /* Sources */ = {
			isa = PBXSourcesBuildPhase;
			buildActionMask = 2147483647;
			files = (
				C318CC0B1A59BD4E00980976 /* ViewController.swift in Sources */,
				C318CC091A59BD4D00980976 /* AppDelegate.swift in Sources */,
			);
			runOnlyForDeploymentPostprocessing = 0;
		};
		C318CC141A59BD4E00980976 /* Sources */ = {
			isa = PBXSourcesBuildPhase;
			buildActionMask = 2147483647;
			files = (
				C318CC1F1A59BD4E00980976 /* StopwatchTests.swift in Sources */,
			);
			runOnlyForDeploymentPostprocessing = 0;
		};
/* End PBXSourcesBuildPhase section */

/* Begin PBXTargetDependency section */
		C318CC1A1A59BD4E00980976 /* PBXTargetDependency */ = {
			isa = PBXTargetDependency;
			target = C318CC021A59BD4D00980976 /* Stopwatch */;
			targetProxy = C318CC191A59BD4E00980976 /* PBXContainerItemProxy */;
		};
/* End PBXTargetDependency section */

/* Begin PBXVariantGroup section */
		C318CC0C1A59BD4E00980976 /* Main.storyboard */ = {
			isa = PBXVariantGroup;
			children = (
				C318CC0D1A59BD4E00980976 /* Base */,
			);
			name = Main.storyboard;
			sourceTree = "<group>";
		};
		C318CC111A59BD4E00980976 /* LaunchScreen.xib */ = {
			isa = PBXVariantGroup;
			children = (
				C318CC121A59BD4E00980976 /* Base */,
			);
			name = LaunchScreen.xib;
			sourceTree = "<group>";
		};
/* End PBXVariantGroup section */

/* Begin XCBuildConfiguration section */
		C318CC201A59BD4E00980976 /* Debug */ = {
			isa = XCBuildConfiguration;
			buildSettings = {
				ALWAYS_SEARCH_USER_PATHS = NO;
				CLANG_CXX_LANGUAGE_STANDARD = "gnu++0x";
				CLANG_CXX_LIBRARY = "libc++";
				CLANG_ENABLE_MODULES = YES;
				CLANG_ENABLE_OBJC_ARC = YES;
				CLANG_WARN_BOOL_CONVERSION = YES;
				CLANG_WARN_CONSTANT_CONVERSION = YES;
				CLANG_WARN_DIRECT_OBJC_ISA_USAGE = YES_ERROR;
				CLANG_WARN_EMPTY_BODY = YES;
				CLANG_WARN_ENUM_CONVERSION = YES;
				CLANG_WARN_INT_CONVERSION = YES;
				CLANG_WARN_OBJC_ROOT_CLASS = YES_ERROR;
				CLANG_WARN_UNREACHABLE_CODE = YES;
				CLANG_WARN__DUPLICATE_METHOD_MATCH = YES;
				"CODE_SIGN_IDENTITY[sdk=iphoneos*]" = "iPhone Developer";
				COPY_PHASE_STRIP = NO;
				ENABLE_STRICT_OBJC_MSGSEND = YES;
				GCC_C_LANGUAGE_STANDARD = gnu99;
				GCC_DYNAMIC_NO_PIC = NO;
				GCC_OPTIMIZATION_LEVEL = 0;
				GCC_PREPROCESSOR_DEFINITIONS = (
					"DEBUG=1",
					"$(inherited)",
				);
				GCC_SYMBOLS_PRIVATE_EXTERN = NO;
				GCC_WARN_64_TO_32_BIT_CONVERSION = YES;
				GCC_WARN_ABOUT_RETURN_TYPE = YES_ERROR;
				GCC_WARN_UNDECLARED_SELECTOR = YES;
				GCC_WARN_UNINITIALIZED_AUTOS = YES_AGGRESSIVE;
				GCC_WARN_UNUSED_FUNCTION = YES;
				GCC_WARN_UNUSED_VARIABLE = YES;
				IPHONEOS_DEPLOYMENT_TARGET = 8.1;
				MTL_ENABLE_DEBUG_INFO = YES;
				ONLY_ACTIVE_ARCH = YES;
				SDKROOT = iphoneos;
				SWIFT_OPTIMIZATION_LEVEL = "-Onone";
			};
			name = Debug;
		};
		C318CC211A59BD4E00980976 /* Release */ = {
			isa = XCBuildConfiguration;
			buildSettings = {
				ALWAYS_SEARCH_USER_PATHS = NO;
				CLANG_CXX_LANGUAGE_STANDARD = "gnu++0x";
				CLANG_CXX_LIBRARY = "libc++";
				CLANG_ENABLE_MODULES = YES;
				CLANG_ENABLE_OBJC_ARC = YES;
				CLANG_WARN_BOOL_CONVERSION = YES;
				CLANG_WARN_CONSTANT_CONVERSION = YES;
				CLANG_WARN_DIRECT_OBJC_ISA_USAGE = YES_ERROR;
				CLANG_WARN_EMPTY_BODY = YES;
				CLANG_WARN_ENUM_CONVERSION = YES;
				CLANG_WARN_INT_CONVERSION = YES;
				CLANG_WARN_OBJC_ROOT_CLASS = YES_ERROR;
				CLANG_WARN_UNREACHABLE_CODE = YES;
				CLANG_WARN__DUPLICATE_METHOD_MATCH = YES;
				"CODE_SIGN_IDENTITY[sdk=iphoneos*]" = "iPhone Developer";
				COPY_PHASE_STRIP = YES;
				ENABLE_NS_ASSERTIONS = NO;
				ENABLE_STRICT_OBJC_MSGSEND = YES;
				GCC_C_LANGUAGE_STANDARD = gnu99;
				GCC_WARN_64_TO_32_BIT_CONVERSION = YES;
				GCC_WARN_ABOUT_RETURN_TYPE = YES_ERROR;
				GCC_WARN_UNDECLARED_SELECTOR = YES;
				GCC_WARN_UNINITIALIZED_AUTOS = YES_AGGRESSIVE;
				GCC_WARN_UNUSED_FUNCTION = YES;
				GCC_WARN_UNUSED_VARIABLE = YES;
				IPHONEOS_DEPLOYMENT_TARGET = 8.1;
				MTL_ENABLE_DEBUG_INFO = NO;
				SDKROOT = iphoneos;
				VALIDATE_PRODUCT = YES;
			};
			name = Release;
		};
		C318CC231A59BD4E00980976 /* Debug */ = {
			isa = XCBuildConfiguration;
			buildSettings = {
				ASSETCATALOG_COMPILER_APPICON_NAME = AppIcon;
				INFOPLIST_FILE = Stopwatch/Info.plist;
				LD_RUNPATH_SEARCH_PATHS = "$(inherited) @executable_path/Frameworks";
				PRODUCT_NAME = "$(TARGET_NAME)";
			};
			name = Debug;
		};
		C318CC241A59BD4E00980976 /* Release */ = {
			isa = XCBuildConfiguration;
			buildSettings = {
				ASSETCATALOG_COMPILER_APPICON_NAME = AppIcon;
				INFOPLIST_FILE = Stopwatch/Info.plist;
				LD_RUNPATH_SEARCH_PATHS = "$(inherited) @executable_path/Frameworks";
				PRODUCT_NAME = "$(TARGET_NAME)";
			};
			name = Release;
		};
		C318CC261A59BD4E00980976 /* Debug */ = {
			isa = XCBuildConfiguration;
			buildSettings = {
				BUNDLE_LOADER = "$(TEST_HOST)";
				FRAMEWORK_SEARCH_PATHS = (
					"$(SDKROOT)/Developer/Library/Frameworks",
					"$(inherited)",
				);
				GCC_PREPROCESSOR_DEFINITIONS = (
					"DEBUG=1",
					"$(inherited)",
				);
				INFOPLIST_FILE = StopwatchTests/Info.plist;
				LD_RUNPATH_SEARCH_PATHS = "$(inherited) @executable_path/Frameworks @loader_path/Frameworks";
				PRODUCT_NAME = "$(TARGET_NAME)";
				TEST_HOST = "$(BUILT_PRODUCTS_DIR)/Stopwatch.app/Stopwatch";
			};
			name = Debug;
		};
		C318CC271A59BD4E00980976 /* Release */ = {
			isa = XCBuildConfiguration;
			buildSettings = {
				BUNDLE_LOADER = "$(TEST_HOST)";
				FRAMEWORK_SEARCH_PATHS = (
					"$(SDKROOT)/Developer/Library/Frameworks",
					"$(inherited)",
				);
				INFOPLIST_FILE = StopwatchTests/Info.plist;
				LD_RUNPATH_SEARCH_PATHS = "$(inherited) @executable_path/Frameworks @loader_path/Frameworks";
				PRODUCT_NAME = "$(TARGET_NAME)";
				TEST_HOST = "$(BUILT_PRODUCTS_DIR)/Stopwatch.app/Stopwatch";
			};
			name = Release;
		};
/* End XCBuildConfiguration section */

/* Begin XCConfigurationList section */
		C318CBFE1A59BD4D00980976 /* Build configuration list for PBXProject "Stopwatch" */ = {
			isa = XCConfigurationList;
			buildConfigurations = (
				C318CC201A59BD4E00980976 /* Debug */,
				C318CC211A59BD4E00980976 /* Release */,
			);
			defaultConfigurationIsVisible = 0;
			defaultConfigurationName = Release;
		};
		C318CC221A59BD4E00980976 /* Build configuration list for PBXNativeTarget "Stopwatch" */ = {
			isa = XCConfigurationList;
			buildConfigurations = (
				C318CC231A59BD4E00980976 /* Debug */,
				C318CC241A59BD4E00980976 /* Release */,
			);
			defaultConfigurationIsVisible = 0;
			defaultConfigurationName = Release;
		};
		C318CC251A59BD4E00980976 /* Build configuration list for PBXNativeTarget "StopwatchTests" */ = {
			isa = XCConfigurationList;
			buildConfigurations = (
				C318CC261A59BD4E00980976 /* Debug */,
				C318CC271A59BD4E00980976 /* Release */,
			);
			defaultConfigurationIsVisible = 0;
			defaultConfigurationName = Release;
		};
/* End XCConfigurationList section */
	};
	rootObject = C318CBFB1A59BD4D00980976 /* Project object */;
}
